// !$*UTF8*$!
{
	archiveVersion = 1;
	classes = {
	};
	objectVersion = 56;
	objects = {

/* Begin PBXBuildFile section */
		2AFB9D382B0BF09300E5E7AB /* ViewController.swift in Sources */ = {isa = PBXBuildFile; fileRef = 2AFB9D342B0BF09300E5E7AB /* ViewController.swift */; };
		2AFB9D392B0BF09300E5E7AB /* LoginFirebaseManager.swift in Sources */ = {isa = PBXBuildFile; fileRef = 2AFB9D352B0BF09300E5E7AB /* LoginFirebaseManager.swift */; };
		2AFB9D3A2B0BF09300E5E7AB /* LoginCoverScreen.swift in Sources */ = {isa = PBXBuildFile; fileRef = 2AFB9D372B0BF09300E5E7AB /* LoginCoverScreen.swift */; };
		2AFB9D3C2B0BF20500E5E7AB /* LoginProgressIndicatorManager.swift in Sources */ = {isa = PBXBuildFile; fileRef = 2AFB9D3B2B0BF20500E5E7AB /* LoginProgressIndicatorManager.swift */; };
		BC06644E2B04AA2300B1F296 /* AppDelegate.swift in Sources */ = {isa = PBXBuildFile; fileRef = BC06644D2B04AA2300B1F296 /* AppDelegate.swift */; };
		BC0664502B04AA2300B1F296 /* SceneDelegate.swift in Sources */ = {isa = PBXBuildFile; fileRef = BC06644F2B04AA2300B1F296 /* SceneDelegate.swift */; };
		BC0664552B04AA2300B1F296 /* Main.storyboard in Resources */ = {isa = PBXBuildFile; fileRef = BC0664532B04AA2300B1F296 /* Main.storyboard */; };
		BC0664572B04AA2500B1F296 /* Assets.xcassets in Resources */ = {isa = PBXBuildFile; fileRef = BC0664562B04AA2500B1F296 /* Assets.xcassets */; };
		BC06645A2B04AA2500B1F296 /* LaunchScreen.storyboard in Resources */ = {isa = PBXBuildFile; fileRef = BC0664582B04AA2500B1F296 /* LaunchScreen.storyboard */; };
		BC0664662B04ABF000B1F296 /* RegisterScreen.swift in Sources */ = {isa = PBXBuildFile; fileRef = BC0664652B04ABF000B1F296 /* RegisterScreen.swift */; };
		BC0664682B04AC0100B1F296 /* RegisterViewController.swift in Sources */ = {isa = PBXBuildFile; fileRef = BC0664672B04AC0100B1F296 /* RegisterViewController.swift */; };
		BC06646A2B04B0DF00B1F296 /* GoogleService-Info.plist in Resources */ = {isa = PBXBuildFile; fileRef = BC0664692B04B0DF00B1F296 /* GoogleService-Info.plist */; };
		BC06646D2B04B18F00B1F296 /* FirebaseAuth in Frameworks */ = {isa = PBXBuildFile; productRef = BC06646C2B04B18F00B1F296 /* FirebaseAuth */; };
		BC06646F2B04B18F00B1F296 /* FirebaseFirestore in Frameworks */ = {isa = PBXBuildFile; productRef = BC06646E2B04B18F00B1F296 /* FirebaseFirestore */; };
		BC0664712B04B18F00B1F296 /* FirebaseFirestoreSwift in Frameworks */ = {isa = PBXBuildFile; productRef = BC0664702B04B18F00B1F296 /* FirebaseFirestoreSwift */; };
		BC0664732B04B18F00B1F296 /* FirebaseStorage in Frameworks */ = {isa = PBXBuildFile; productRef = BC0664722B04B18F00B1F296 /* FirebaseStorage */; };
		BC0664752B04B5C500B1F296 /* RegisterFirebaseManager.swift in Sources */ = {isa = PBXBuildFile; fileRef = BC0664742B04B5C500B1F296 /* RegisterFirebaseManager.swift */; };
		BC06647E2B0550B200B1F296 /* ContactsTableViewCell.swift in Sources */ = {isa = PBXBuildFile; fileRef = BC06647D2B0550B200B1F296 /* ContactsTableViewCell.swift */; };
		BC0664812B0554AD00B1F296 /* ProgressSpinnerViewController.swift in Sources */ = {isa = PBXBuildFile; fileRef = BC0664802B0554AD00B1F296 /* ProgressSpinnerViewController.swift */; };
		BC0664832B0554CD00B1F296 /* ProgressSpinnerDelegate.swift in Sources */ = {isa = PBXBuildFile; fileRef = BC0664822B0554CD00B1F296 /* ProgressSpinnerDelegate.swift */; };
		BC0664852B05551000B1F296 /* RegisterProgressIndicatorManager.swift in Sources */ = {isa = PBXBuildFile; fileRef = BC0664842B05551000B1F296 /* RegisterProgressIndicatorManager.swift */; };
		BC06648B2B055C7E00B1F296 /* Contact.swift in Sources */ = {isa = PBXBuildFile; fileRef = BC06648A2B055C7E00B1F296 /* Contact.swift */; };
		BC06648D2B055DC600B1F296 /* Configs.swift in Sources */ = {isa = PBXBuildFile; fileRef = BC06648C2B055DC600B1F296 /* Configs.swift */; };
		BC2761472B09D30D00218308 /* ChatData.swift in Sources */ = {isa = PBXBuildFile; fileRef = BC2761462B09D30D00218308 /* ChatData.swift */; };
		BC27614E2B0C26B200218308 /* ChatDetailTableViewCell.swift in Sources */ = {isa = PBXBuildFile; fileRef = BC27614D2B0C26B200218308 /* ChatDetailTableViewCell.swift */; };
		BC4755A52B0D71DF00516E32 /* PhotoManager.swift in Sources */ = {isa = PBXBuildFile; fileRef = BC4755A42B0D71DF00516E32 /* PhotoManager.swift */; };
		BC4755AD2B1139C600516E32 /* ImageViewUtils.swift in Sources */ = {isa = PBXBuildFile; fileRef = BC4755AC2B1139C600516E32 /* ImageViewUtils.swift */; };
		BC4755B02B11520400516E32 /* EditProfile.swift in Sources */ = {isa = PBXBuildFile; fileRef = BC4755AF2B11520400516E32 /* EditProfile.swift */; };
		BC4755B22B11523000516E32 /* EditProfileController.swift in Sources */ = {isa = PBXBuildFile; fileRef = BC4755B12B11523000516E32 /* EditProfileController.swift */; };
		BC4755B42B116BE600516E32 /* EditProfileFirebaseManager.swift in Sources */ = {isa = PBXBuildFile; fileRef = BC4755B32B116BE600516E32 /* EditProfileFirebaseManager.swift */; };
		BC98EAEB2B0808FE001D5738 /* MainViewController.swift in Sources */ = {isa = PBXBuildFile; fileRef = BC98EAEA2B0808FE001D5738 /* MainViewController.swift */; };
		BC98EAED2B080942001D5738 /* MainScreen.swift in Sources */ = {isa = PBXBuildFile; fileRef = BC98EAEC2B080942001D5738 /* MainScreen.swift */; };
		BC98EAF02B083658001D5738 /* ChatDetailScreen.swift in Sources */ = {isa = PBXBuildFile; fileRef = BC98EAEF2B083658001D5738 /* ChatDetailScreen.swift */; };
		BC98EAF22B08366E001D5738 /* ChatDetailController.swift in Sources */ = {isa = PBXBuildFile; fileRef = BC98EAF12B08366E001D5738 /* ChatDetailController.swift */; };
/* End PBXBuildFile section */

/* Begin PBXFileReference section */
		2AFB9D342B0BF09300E5E7AB /* ViewController.swift */ = {isa = PBXFileReference; fileEncoding = 4; lastKnownFileType = sourcecode.swift; path = ViewController.swift; sourceTree = "<group>"; };
		2AFB9D352B0BF09300E5E7AB /* LoginFirebaseManager.swift */ = {isa = PBXFileReference; fileEncoding = 4; lastKnownFileType = sourcecode.swift; path = LoginFirebaseManager.swift; sourceTree = "<group>"; };
		2AFB9D372B0BF09300E5E7AB /* LoginCoverScreen.swift */ = {isa = PBXFileReference; fileEncoding = 4; lastKnownFileType = sourcecode.swift; path = LoginCoverScreen.swift; sourceTree = "<group>"; };
		2AFB9D3B2B0BF20500E5E7AB /* LoginProgressIndicatorManager.swift */ = {isa = PBXFileReference; fileEncoding = 4; lastKnownFileType = sourcecode.swift; path = LoginProgressIndicatorManager.swift; sourceTree = "<group>"; };
		BC06644A2B04AA2300B1F296 /* WA8.app */ = {isa = PBXFileReference; explicitFileType = wrapper.application; includeInIndex = 0; path = WA8.app; sourceTree = BUILT_PRODUCTS_DIR; };
		BC06644D2B04AA2300B1F296 /* AppDelegate.swift */ = {isa = PBXFileReference; lastKnownFileType = sourcecode.swift; path = AppDelegate.swift; sourceTree = "<group>"; };
		BC06644F2B04AA2300B1F296 /* SceneDelegate.swift */ = {isa = PBXFileReference; lastKnownFileType = sourcecode.swift; path = SceneDelegate.swift; sourceTree = "<group>"; };
		BC0664542B04AA2300B1F296 /* Base */ = {isa = PBXFileReference; lastKnownFileType = file.storyboard; name = Base; path = Base.lproj/Main.storyboard; sourceTree = "<group>"; };
		BC0664562B04AA2500B1F296 /* Assets.xcassets */ = {isa = PBXFileReference; lastKnownFileType = folder.assetcatalog; path = Assets.xcassets; sourceTree = "<group>"; };
		BC0664592B04AA2500B1F296 /* Base */ = {isa = PBXFileReference; lastKnownFileType = file.storyboard; name = Base; path = Base.lproj/LaunchScreen.storyboard; sourceTree = "<group>"; };
		BC06645B2B04AA2500B1F296 /* Info.plist */ = {isa = PBXFileReference; lastKnownFileType = text.plist.xml; path = Info.plist; sourceTree = "<group>"; };
		BC0664652B04ABF000B1F296 /* RegisterScreen.swift */ = {isa = PBXFileReference; lastKnownFileType = sourcecode.swift; path = RegisterScreen.swift; sourceTree = "<group>"; };
		BC0664672B04AC0100B1F296 /* RegisterViewController.swift */ = {isa = PBXFileReference; lastKnownFileType = sourcecode.swift; path = RegisterViewController.swift; sourceTree = "<group>"; usesTabs = 0; };
		BC0664692B04B0DF00B1F296 /* GoogleService-Info.plist */ = {isa = PBXFileReference; fileEncoding = 4; lastKnownFileType = text.plist.xml; path = "GoogleService-Info.plist"; sourceTree = "<group>"; };
		BC0664742B04B5C500B1F296 /* RegisterFirebaseManager.swift */ = {isa = PBXFileReference; lastKnownFileType = sourcecode.swift; path = RegisterFirebaseManager.swift; sourceTree = "<group>"; };
		BC06647D2B0550B200B1F296 /* ContactsTableViewCell.swift */ = {isa = PBXFileReference; lastKnownFileType = sourcecode.swift; path = ContactsTableViewCell.swift; sourceTree = "<group>"; };
		BC0664802B0554AD00B1F296 /* ProgressSpinnerViewController.swift */ = {isa = PBXFileReference; lastKnownFileType = sourcecode.swift; path = ProgressSpinnerViewController.swift; sourceTree = "<group>"; };
		BC0664822B0554CD00B1F296 /* ProgressSpinnerDelegate.swift */ = {isa = PBXFileReference; lastKnownFileType = sourcecode.swift; path = ProgressSpinnerDelegate.swift; sourceTree = "<group>"; };
		BC0664842B05551000B1F296 /* RegisterProgressIndicatorManager.swift */ = {isa = PBXFileReference; lastKnownFileType = sourcecode.swift; path = RegisterProgressIndicatorManager.swift; sourceTree = "<group>"; };
		BC06648A2B055C7E00B1F296 /* Contact.swift */ = {isa = PBXFileReference; lastKnownFileType = sourcecode.swift; path = Contact.swift; sourceTree = "<group>"; };
		BC06648C2B055DC600B1F296 /* Configs.swift */ = {isa = PBXFileReference; lastKnownFileType = sourcecode.swift; path = Configs.swift; sourceTree = "<group>"; };
		BC2761462B09D30D00218308 /* ChatData.swift */ = {isa = PBXFileReference; lastKnownFileType = sourcecode.swift; path = ChatData.swift; sourceTree = "<group>"; };
		BC27614D2B0C26B200218308 /* ChatDetailTableViewCell.swift */ = {isa = PBXFileReference; fileEncoding = 4; lastKnownFileType = sourcecode.swift; path = ChatDetailTableViewCell.swift; sourceTree = "<group>"; };
		BC4755A42B0D71DF00516E32 /* PhotoManager.swift */ = {isa = PBXFileReference; lastKnownFileType = sourcecode.swift; path = PhotoManager.swift; sourceTree = "<group>"; };
		BC4755AC2B1139C600516E32 /* ImageViewUtils.swift */ = {isa = PBXFileReference; lastKnownFileType = sourcecode.swift; path = ImageViewUtils.swift; sourceTree = "<group>"; };
		BC4755AF2B11520400516E32 /* EditProfile.swift */ = {isa = PBXFileReference; lastKnownFileType = sourcecode.swift; path = EditProfile.swift; sourceTree = "<group>"; };
		BC4755B12B11523000516E32 /* EditProfileController.swift */ = {isa = PBXFileReference; lastKnownFileType = sourcecode.swift; path = EditProfileController.swift; sourceTree = "<group>"; };
		BC4755B32B116BE600516E32 /* EditProfileFirebaseManager.swift */ = {isa = PBXFileReference; lastKnownFileType = sourcecode.swift; path = EditProfileFirebaseManager.swift; sourceTree = "<group>"; };
		BC98EAEA2B0808FE001D5738 /* MainViewController.swift */ = {isa = PBXFileReference; lastKnownFileType = sourcecode.swift; path = MainViewController.swift; sourceTree = "<group>"; };
		BC98EAEC2B080942001D5738 /* MainScreen.swift */ = {isa = PBXFileReference; lastKnownFileType = sourcecode.swift; path = MainScreen.swift; sourceTree = "<group>"; };
		BC98EAEF2B083658001D5738 /* ChatDetailScreen.swift */ = {isa = PBXFileReference; lastKnownFileType = sourcecode.swift; path = ChatDetailScreen.swift; sourceTree = "<group>"; };
		BC98EAF12B08366E001D5738 /* ChatDetailController.swift */ = {isa = PBXFileReference; lastKnownFileType = sourcecode.swift; path = ChatDetailController.swift; sourceTree = "<group>"; };
/* End PBXFileReference section */

/* Begin PBXFrameworksBuildPhase section */
		BC0664472B04AA2300B1F296 /* Frameworks */ = {
			isa = PBXFrameworksBuildPhase;
			buildActionMask = 2147483647;
			files = (
				BC06646D2B04B18F00B1F296 /* FirebaseAuth in Frameworks */,
				BC0664732B04B18F00B1F296 /* FirebaseStorage in Frameworks */,
				BC06646F2B04B18F00B1F296 /* FirebaseFirestore in Frameworks */,
				BC0664712B04B18F00B1F296 /* FirebaseFirestoreSwift in Frameworks */,
			);
			runOnlyForDeploymentPostprocessing = 0;
		};
/* End PBXFrameworksBuildPhase section */

/* Begin PBXGroup section */
		2AFB9D332B0BF09300E5E7AB /* Login Cover Screen */ = {
			isa = PBXGroup;
			children = (
				2AFB9D3B2B0BF20500E5E7AB /* LoginProgressIndicatorManager.swift */,
				2AFB9D342B0BF09300E5E7AB /* ViewController.swift */,
				2AFB9D352B0BF09300E5E7AB /* LoginFirebaseManager.swift */,
				2AFB9D362B0BF09300E5E7AB /* Views */,
			);
			path = "Login Cover Screen";
			sourceTree = "<group>";
		};
		2AFB9D362B0BF09300E5E7AB /* Views */ = {
			isa = PBXGroup;
			children = (
				2AFB9D372B0BF09300E5E7AB /* LoginCoverScreen.swift */,
			);
			path = Views;
			sourceTree = "<group>";
		};
		BC0664412B04AA2300B1F296 = {
			isa = PBXGroup;
			children = (
				BC06644C2B04AA2300B1F296 /* WA8 */,
				BC06644B2B04AA2300B1F296 /* Products */,
			);
			sourceTree = "<group>";
		};
		BC06644B2B04AA2300B1F296 /* Products */ = {
			isa = PBXGroup;
			children = (
				BC06644A2B04AA2300B1F296 /* WA8.app */,
			);
			name = Products;
			sourceTree = "<group>";
		};
		BC06644C2B04AA2300B1F296 /* WA8 */ = {
			isa = PBXGroup;
			children = (
				BC4755AE2B1151D500516E32 /* Edit Profile Screen */,
				2AFB9D332B0BF09300E5E7AB /* Login Cover Screen */,
				BC98EAEE2B083630001D5738 /* Chat Detail */,
				BC98EAE92B0808B7001D5738 /* Main Screen */,
				BC0664892B055C6D00B1F296 /* Data Models */,
				BC06647F2B05548B00B1F296 /* Progress Indicator */,
				BC0664642B04ABD100B1F296 /* Register Screen */,
				BC06644D2B04AA2300B1F296 /* AppDelegate.swift */,
				BC06644F2B04AA2300B1F296 /* SceneDelegate.swift */,
				BC0664532B04AA2300B1F296 /* Main.storyboard */,
				BC0664562B04AA2500B1F296 /* Assets.xcassets */,
				BC0664582B04AA2500B1F296 /* LaunchScreen.storyboard */,
				BC06645B2B04AA2500B1F296 /* Info.plist */,
				BC0664692B04B0DF00B1F296 /* GoogleService-Info.plist */,
				BC06648C2B055DC600B1F296 /* Configs.swift */,
				BC4755AC2B1139C600516E32 /* ImageViewUtils.swift */,
			);
			path = WA8;
			sourceTree = "<group>";
		};
		BC0664642B04ABD100B1F296 /* Register Screen */ = {
			isa = PBXGroup;
			children = (
				BC4755A82B0EBFA600516E32 /* View */,
				BC0664672B04AC0100B1F296 /* RegisterViewController.swift */,
				BC0664742B04B5C500B1F296 /* RegisterFirebaseManager.swift */,
				BC0664842B05551000B1F296 /* RegisterProgressIndicatorManager.swift */,
				BC4755A42B0D71DF00516E32 /* PhotoManager.swift */,
			);
			path = "Register Screen";
			sourceTree = "<group>";
		};
		BC06647F2B05548B00B1F296 /* Progress Indicator */ = {
			isa = PBXGroup;
			children = (
				BC0664802B0554AD00B1F296 /* ProgressSpinnerViewController.swift */,
				BC0664822B0554CD00B1F296 /* ProgressSpinnerDelegate.swift */,
			);
			path = "Progress Indicator";
			sourceTree = "<group>";
		};
		BC0664892B055C6D00B1F296 /* Data Models */ = {
			isa = PBXGroup;
			children = (
				BC2761462B09D30D00218308 /* ChatData.swift */,
				BC06648A2B055C7E00B1F296 /* Contact.swift */,
			);
			path = "Data Models";
			sourceTree = "<group>";
		};
		BC4755A62B0EBF6500516E32 /* View */ = {
			isa = PBXGroup;
			children = (
				BC98EAEF2B083658001D5738 /* ChatDetailScreen.swift */,
				BC27614D2B0C26B200218308 /* ChatDetailTableViewCell.swift */,
			);
			path = View;
			sourceTree = "<group>";
		};
		BC4755A72B0EBF8E00516E32 /* View */ = {
			isa = PBXGroup;
			children = (
				BC98EAEC2B080942001D5738 /* MainScreen.swift */,
				BC06647D2B0550B200B1F296 /* ContactsTableViewCell.swift */,
			);
			name = View;
			sourceTree = "<group>";
		};
		BC4755A82B0EBFA600516E32 /* View */ = {
			isa = PBXGroup;
			children = (
				BC0664652B04ABF000B1F296 /* RegisterScreen.swift */,
			);
			name = View;
			sourceTree = "<group>";
		};
		BC4755AE2B1151D500516E32 /* Edit Profile Screen */ = {
			isa = PBXGroup;
			children = (
				BC4755AF2B11520400516E32 /* EditProfile.swift */,
				BC4755B12B11523000516E32 /* EditProfileController.swift */,
				BC4755B32B116BE600516E32 /* EditProfileFirebaseManager.swift */,
			);
			path = "Edit Profile Screen";
			sourceTree = "<group>";
		};
		BC98EAE92B0808B7001D5738 /* Main Screen */ = {
			isa = PBXGroup;
			children = (
				BC4755A72B0EBF8E00516E32 /* View */,
				BC98EAEA2B0808FE001D5738 /* MainViewController.swift */,
			);
			path = "Main Screen";
			sourceTree = "<group>";
		};
		BC98EAEE2B083630001D5738 /* Chat Detail */ = {
			isa = PBXGroup;
			children = (
				BC4755A62B0EBF6500516E32 /* View */,
				BC98EAF12B08366E001D5738 /* ChatDetailController.swift */,
			);
			path = "Chat Detail";
			sourceTree = "<group>";
		};
/* End PBXGroup section */

/* Begin PBXNativeTarget section */
		BC0664492B04AA2300B1F296 /* WA8 */ = {
			isa = PBXNativeTarget;
			buildConfigurationList = BC06645E2B04AA2500B1F296 /* Build configuration list for PBXNativeTarget "WA8" */;
			buildPhases = (
				BC0664462B04AA2300B1F296 /* Sources */,
				BC0664472B04AA2300B1F296 /* Frameworks */,
				BC0664482B04AA2300B1F296 /* Resources */,
			);
			buildRules = (
			);
			dependencies = (
			);
			name = WA8;
			packageProductDependencies = (
				BC06646C2B04B18F00B1F296 /* FirebaseAuth */,
				BC06646E2B04B18F00B1F296 /* FirebaseFirestore */,
				BC0664702B04B18F00B1F296 /* FirebaseFirestoreSwift */,
				BC0664722B04B18F00B1F296 /* FirebaseStorage */,
			);
			productName = WA8;
			productReference = BC06644A2B04AA2300B1F296 /* WA8.app */;
			productType = "com.apple.product-type.application";
		};
/* End PBXNativeTarget section */

/* Begin PBXProject section */
		BC0664422B04AA2300B1F296 /* Project object */ = {
			isa = PBXProject;
			attributes = {
				BuildIndependentTargetsInParallel = 1;
				LastSwiftUpdateCheck = 1430;
				LastUpgradeCheck = 1430;
				TargetAttributes = {
					BC0664492B04AA2300B1F296 = {
						CreatedOnToolsVersion = 14.3.1;
					};
				};
			};
			buildConfigurationList = BC0664452B04AA2300B1F296 /* Build configuration list for PBXProject "WA8" */;
			compatibilityVersion = "Xcode 14.0";
			developmentRegion = en;
			hasScannedForEncodings = 0;
			knownRegions = (
				en,
				Base,
			);
			mainGroup = BC0664412B04AA2300B1F296;
			packageReferences = (
				BC06646B2B04B18F00B1F296 /* XCRemoteSwiftPackageReference "firebase-ios-sdk" */,
			);
			productRefGroup = BC06644B2B04AA2300B1F296 /* Products */;
			projectDirPath = "";
			projectRoot = "";
			targets = (
				BC0664492B04AA2300B1F296 /* WA8 */,
			);
		};
/* End PBXProject section */

/* Begin PBXResourcesBuildPhase section */
		BC0664482B04AA2300B1F296 /* Resources */ = {
			isa = PBXResourcesBuildPhase;
			buildActionMask = 2147483647;
			files = (
				BC06645A2B04AA2500B1F296 /* LaunchScreen.storyboard in Resources */,
				BC0664572B04AA2500B1F296 /* Assets.xcassets in Resources */,
				BC06646A2B04B0DF00B1F296 /* GoogleService-Info.plist in Resources */,
				BC0664552B04AA2300B1F296 /* Main.storyboard in Resources */,
			);
			runOnlyForDeploymentPostprocessing = 0;
		};
/* End PBXResourcesBuildPhase section */

/* Begin PBXSourcesBuildPhase section */
		BC0664462B04AA2300B1F296 /* Sources */ = {
			isa = PBXSourcesBuildPhase;
			buildActionMask = 2147483647;
			files = (
				BC2761472B09D30D00218308 /* ChatData.swift in Sources */,
				BC98EAED2B080942001D5738 /* MainScreen.swift in Sources */,
				BC4755A52B0D71DF00516E32 /* PhotoManager.swift in Sources */,
				BC06648B2B055C7E00B1F296 /* Contact.swift in Sources */,
				2AFB9D392B0BF09300E5E7AB /* LoginFirebaseManager.swift in Sources */,
				BC06647E2B0550B200B1F296 /* ContactsTableViewCell.swift in Sources */,
				BC0664752B04B5C500B1F296 /* RegisterFirebaseManager.swift in Sources */,
				BC0664812B0554AD00B1F296 /* ProgressSpinnerViewController.swift in Sources */,
				BC0664662B04ABF000B1F296 /* RegisterScreen.swift in Sources */,
				BC0664852B05551000B1F296 /* RegisterProgressIndicatorManager.swift in Sources */,
				BC06644E2B04AA2300B1F296 /* AppDelegate.swift in Sources */,
				BC4755B02B11520400516E32 /* EditProfile.swift in Sources */,
				BC27614E2B0C26B200218308 /* ChatDetailTableViewCell.swift in Sources */,
				2AFB9D382B0BF09300E5E7AB /* ViewController.swift in Sources */,
				BC4755B42B116BE600516E32 /* EditProfileFirebaseManager.swift in Sources */,
				BC4755AD2B1139C600516E32 /* ImageViewUtils.swift in Sources */,
				2AFB9D3A2B0BF09300E5E7AB /* LoginCoverScreen.swift in Sources */,
				BC4755B22B11523000516E32 /* EditProfileController.swift in Sources */,
				2AFB9D3C2B0BF20500E5E7AB /* LoginProgressIndicatorManager.swift in Sources */,
				BC0664832B0554CD00B1F296 /* ProgressSpinnerDelegate.swift in Sources */,
				BC98EAF02B083658001D5738 /* ChatDetailScreen.swift in Sources */,
				BC0664502B04AA2300B1F296 /* SceneDelegate.swift in Sources */,
				BC0664682B04AC0100B1F296 /* RegisterViewController.swift in Sources */,
				BC06648D2B055DC600B1F296 /* Configs.swift in Sources */,
				BC98EAF22B08366E001D5738 /* ChatDetailController.swift in Sources */,
				BC98EAEB2B0808FE001D5738 /* MainViewController.swift in Sources */,
			);
			runOnlyForDeploymentPostprocessing = 0;
		};
/* End PBXSourcesBuildPhase section */

/* Begin PBXVariantGroup section */
		BC0664532B04AA2300B1F296 /* Main.storyboard */ = {
			isa = PBXVariantGroup;
			children = (
				BC0664542B04AA2300B1F296 /* Base */,
			);
			name = Main.storyboard;
			sourceTree = "<group>";
		};
		BC0664582B04AA2500B1F296 /* LaunchScreen.storyboard */ = {
			isa = PBXVariantGroup;
			children = (
				BC0664592B04AA2500B1F296 /* Base */,
			);
			name = LaunchScreen.storyboard;
			sourceTree = "<group>";
		};
/* End PBXVariantGroup section */

/* Begin XCBuildConfiguration section */
		BC06645C2B04AA2500B1F296 /* Debug */ = {
			isa = XCBuildConfiguration;
			buildSettings = {
				ALWAYS_SEARCH_USER_PATHS = NO;
				CLANG_ANALYZER_NONNULL = YES;
				CLANG_ANALYZER_NUMBER_OBJECT_CONVERSION = YES_AGGRESSIVE;
				CLANG_CXX_LANGUAGE_STANDARD = "gnu++20";
				CLANG_ENABLE_MODULES = YES;
				CLANG_ENABLE_OBJC_ARC = YES;
				CLANG_ENABLE_OBJC_WEAK = YES;
				CLANG_WARN_BLOCK_CAPTURE_AUTORELEASING = YES;
				CLANG_WARN_BOOL_CONVERSION = YES;
				CLANG_WARN_COMMA = YES;
				CLANG_WARN_CONSTANT_CONVERSION = YES;
				CLANG_WARN_DEPRECATED_OBJC_IMPLEMENTATIONS = YES;
				CLANG_WARN_DIRECT_OBJC_ISA_USAGE = YES_ERROR;
				CLANG_WARN_DOCUMENTATION_COMMENTS = YES;
				CLANG_WARN_EMPTY_BODY = YES;
				CLANG_WARN_ENUM_CONVERSION = YES;
				CLANG_WARN_INFINITE_RECURSION = YES;
				CLANG_WARN_INT_CONVERSION = YES;
				CLANG_WARN_NON_LITERAL_NULL_CONVERSION = YES;
				CLANG_WARN_OBJC_IMPLICIT_RETAIN_SELF = YES;
				CLANG_WARN_OBJC_LITERAL_CONVERSION = YES;
				CLANG_WARN_OBJC_ROOT_CLASS = YES_ERROR;
				CLANG_WARN_QUOTED_INCLUDE_IN_FRAMEWORK_HEADER = YES;
				CLANG_WARN_RANGE_LOOP_ANALYSIS = YES;
				CLANG_WARN_STRICT_PROTOTYPES = YES;
				CLANG_WARN_SUSPICIOUS_MOVE = YES;
				CLANG_WARN_UNGUARDED_AVAILABILITY = YES_AGGRESSIVE;
				CLANG_WARN_UNREACHABLE_CODE = YES;
				CLANG_WARN__DUPLICATE_METHOD_MATCH = YES;
				COPY_PHASE_STRIP = NO;
				DEBUG_INFORMATION_FORMAT = dwarf;
				ENABLE_STRICT_OBJC_MSGSEND = YES;
				ENABLE_TESTABILITY = YES;
				GCC_C_LANGUAGE_STANDARD = gnu11;
				GCC_DYNAMIC_NO_PIC = NO;
				GCC_NO_COMMON_BLOCKS = YES;
				GCC_OPTIMIZATION_LEVEL = 0;
				GCC_PREPROCESSOR_DEFINITIONS = (
					"DEBUG=1",
					"$(inherited)",
				);
				GCC_WARN_64_TO_32_BIT_CONVERSION = YES;
				GCC_WARN_ABOUT_RETURN_TYPE = YES_ERROR;
				GCC_WARN_UNDECLARED_SELECTOR = YES;
				GCC_WARN_UNINITIALIZED_AUTOS = YES_AGGRESSIVE;
				GCC_WARN_UNUSED_FUNCTION = YES;
				GCC_WARN_UNUSED_VARIABLE = YES;
				IPHONEOS_DEPLOYMENT_TARGET = 16.4;
				MTL_ENABLE_DEBUG_INFO = INCLUDE_SOURCE;
				MTL_FAST_MATH = YES;
				ONLY_ACTIVE_ARCH = YES;
				SDKROOT = iphoneos;
				SWIFT_ACTIVE_COMPILATION_CONDITIONS = DEBUG;
				SWIFT_OPTIMIZATION_LEVEL = "-Onone";
			};
			name = Debug;
		};
		BC06645D2B04AA2500B1F296 /* Release */ = {
			isa = XCBuildConfiguration;
			buildSettings = {
				ALWAYS_SEARCH_USER_PATHS = NO;
				CLANG_ANALYZER_NONNULL = YES;
				CLANG_ANALYZER_NUMBER_OBJECT_CONVERSION = YES_AGGRESSIVE;
				CLANG_CXX_LANGUAGE_STANDARD = "gnu++20";
				CLANG_ENABLE_MODULES = YES;
				CLANG_ENABLE_OBJC_ARC = YES;
				CLANG_ENABLE_OBJC_WEAK = YES;
				CLANG_WARN_BLOCK_CAPTURE_AUTORELEASING = YES;
				CLANG_WARN_BOOL_CONVERSION = YES;
				CLANG_WARN_COMMA = YES;
				CLANG_WARN_CONSTANT_CONVERSION = YES;
				CLANG_WARN_DEPRECATED_OBJC_IMPLEMENTATIONS = YES;
				CLANG_WARN_DIRECT_OBJC_ISA_USAGE = YES_ERROR;
				CLANG_WARN_DOCUMENTATION_COMMENTS = YES;
				CLANG_WARN_EMPTY_BODY = YES;
				CLANG_WARN_ENUM_CONVERSION = YES;
				CLANG_WARN_INFINITE_RECURSION = YES;
				CLANG_WARN_INT_CONVERSION = YES;
				CLANG_WARN_NON_LITERAL_NULL_CONVERSION = YES;
				CLANG_WARN_OBJC_IMPLICIT_RETAIN_SELF = YES;
				CLANG_WARN_OBJC_LITERAL_CONVERSION = YES;
				CLANG_WARN_OBJC_ROOT_CLASS = YES_ERROR;
				CLANG_WARN_QUOTED_INCLUDE_IN_FRAMEWORK_HEADER = YES;
				CLANG_WARN_RANGE_LOOP_ANALYSIS = YES;
				CLANG_WARN_STRICT_PROTOTYPES = YES;
				CLANG_WARN_SUSPICIOUS_MOVE = YES;
				CLANG_WARN_UNGUARDED_AVAILABILITY = YES_AGGRESSIVE;
				CLANG_WARN_UNREACHABLE_CODE = YES;
				CLANG_WARN__DUPLICATE_METHOD_MATCH = YES;
				COPY_PHASE_STRIP = NO;
				DEBUG_INFORMATION_FORMAT = "dwarf-with-dsym";
				ENABLE_NS_ASSERTIONS = NO;
				ENABLE_STRICT_OBJC_MSGSEND = YES;
				GCC_C_LANGUAGE_STANDARD = gnu11;
				GCC_NO_COMMON_BLOCKS = YES;
				GCC_WARN_64_TO_32_BIT_CONVERSION = YES;
				GCC_WARN_ABOUT_RETURN_TYPE = YES_ERROR;
				GCC_WARN_UNDECLARED_SELECTOR = YES;
				GCC_WARN_UNINITIALIZED_AUTOS = YES_AGGRESSIVE;
				GCC_WARN_UNUSED_FUNCTION = YES;
				GCC_WARN_UNUSED_VARIABLE = YES;
				IPHONEOS_DEPLOYMENT_TARGET = 16.4;
				MTL_ENABLE_DEBUG_INFO = NO;
				MTL_FAST_MATH = YES;
				SDKROOT = iphoneos;
				SWIFT_COMPILATION_MODE = wholemodule;
				SWIFT_OPTIMIZATION_LEVEL = "-O";
				VALIDATE_PRODUCT = YES;
			};
			name = Release;
		};
		BC06645F2B04AA2500B1F296 /* Debug */ = {
			isa = XCBuildConfiguration;
			buildSettings = {
				ASSETCATALOG_COMPILER_APPICON_NAME = AppIcon;
				ASSETCATALOG_COMPILER_GLOBAL_ACCENT_COLOR_NAME = AccentColor;
				CODE_SIGN_STYLE = Automatic;
				CURRENT_PROJECT_VERSION = 1;
				DEVELOPMENT_TEAM = MCPP5829E7;
				GENERATE_INFOPLIST_FILE = YES;
				INFOPLIST_FILE = WA8/Info.plist;
				INFOPLIST_KEY_UIApplicationSupportsIndirectInputEvents = YES;
				INFOPLIST_KEY_UILaunchStoryboardName = LaunchScreen;
				INFOPLIST_KEY_UIMainStoryboardFile = Main;
				INFOPLIST_KEY_UISupportedInterfaceOrientations_iPad = "UIInterfaceOrientationPortrait UIInterfaceOrientationPortraitUpsideDown UIInterfaceOrientationLandscapeLeft UIInterfaceOrientationLandscapeRight";
				INFOPLIST_KEY_UISupportedInterfaceOrientations_iPhone = "UIInterfaceOrientationPortrait UIInterfaceOrientationLandscapeLeft UIInterfaceOrientationLandscapeRight";
				LD_RUNPATH_SEARCH_PATHS = (
					"$(inherited)",
					"@executable_path/Frameworks",
				);
				MARKETING_VERSION = 1.0;
				PRODUCT_BUNDLE_IDENTIFIER = com.group9.WA8;
				PRODUCT_NAME = "$(TARGET_NAME)";
				SWIFT_EMIT_LOC_STRINGS = YES;
				SWIFT_VERSION = 5.0;
				TARGETED_DEVICE_FAMILY = "1,2";
			};
			name = Debug;
		};
		BC0664602B04AA2500B1F296 /* Release */ = {
			isa = XCBuildConfiguration;
			buildSettings = {
				ASSETCATALOG_COMPILER_APPICON_NAME = AppIcon;
				ASSETCATALOG_COMPILER_GLOBAL_ACCENT_COLOR_NAME = AccentColor;
				CODE_SIGN_STYLE = Automatic;
				CURRENT_PROJECT_VERSION = 1;
				DEVELOPMENT_TEAM = MCPP5829E7;
				GENERATE_INFOPLIST_FILE = YES;
				INFOPLIST_FILE = WA8/Info.plist;
				INFOPLIST_KEY_UIApplicationSupportsIndirectInputEvents = YES;
				INFOPLIST_KEY_UILaunchStoryboardName = LaunchScreen;
				INFOPLIST_KEY_UIMainStoryboardFile = Main;
				INFOPLIST_KEY_UISupportedInterfaceOrientations_iPad = "UIInterfaceOrientationPortrait UIInterfaceOrientationPortraitUpsideDown UIInterfaceOrientationLandscapeLeft UIInterfaceOrientationLandscapeRight";
				INFOPLIST_KEY_UISupportedInterfaceOrientations_iPhone = "UIInterfaceOrientationPortrait UIInterfaceOrientationLandscapeLeft UIInterfaceOrientationLandscapeRight";
				LD_RUNPATH_SEARCH_PATHS = (
					"$(inherited)",
					"@executable_path/Frameworks",
				);
				MARKETING_VERSION = 1.0;
				PRODUCT_BUNDLE_IDENTIFIER = com.group9.WA8;
				PRODUCT_NAME = "$(TARGET_NAME)";
				SWIFT_EMIT_LOC_STRINGS = YES;
				SWIFT_VERSION = 5.0;
				TARGETED_DEVICE_FAMILY = "1,2";
			};
			name = Release;
		};
/* End XCBuildConfiguration section */

/* Begin XCConfigurationList section */
		BC0664452B04AA2300B1F296 /* Build configuration list for PBXProject "WA8" */ = {
			isa = XCConfigurationList;
			buildConfigurations = (
				BC06645C2B04AA2500B1F296 /* Debug */,
				BC06645D2B04AA2500B1F296 /* Release */,
			);
			defaultConfigurationIsVisible = 0;
			defaultConfigurationName = Release;
		};
		BC06645E2B04AA2500B1F296 /* Build configuration list for PBXNativeTarget "WA8" */ = {
			isa = XCConfigurationList;
			buildConfigurations = (
				BC06645F2B04AA2500B1F296 /* Debug */,
				BC0664602B04AA2500B1F296 /* Release */,
			);
			defaultConfigurationIsVisible = 0;
			defaultConfigurationName = Release;
		};
/* End XCConfigurationList section */

/* Begin XCRemoteSwiftPackageReference section */
		BC06646B2B04B18F00B1F296 /* XCRemoteSwiftPackageReference "firebase-ios-sdk" */ = {
			isa = XCRemoteSwiftPackageReference;
			repositoryURL = "https://github.com/firebase/firebase-ios-sdk";
			requirement = {
				kind = upToNextMajorVersion;
				minimumVersion = 10.0.0;
			};
		};
/* End XCRemoteSwiftPackageReference section */

/* Begin XCSwiftPackageProductDependency section */
		BC06646C2B04B18F00B1F296 /* FirebaseAuth */ = {
			isa = XCSwiftPackageProductDependency;
			package = BC06646B2B04B18F00B1F296 /* XCRemoteSwiftPackageReference "firebase-ios-sdk" */;
			productName = FirebaseAuth;
		};
		BC06646E2B04B18F00B1F296 /* FirebaseFirestore */ = {
			isa = XCSwiftPackageProductDependency;
			package = BC06646B2B04B18F00B1F296 /* XCRemoteSwiftPackageReference "firebase-ios-sdk" */;
			productName = FirebaseFirestore;
		};
		BC0664702B04B18F00B1F296 /* FirebaseFirestoreSwift */ = {
			isa = XCSwiftPackageProductDependency;
			package = BC06646B2B04B18F00B1F296 /* XCRemoteSwiftPackageReference "firebase-ios-sdk" */;
			productName = FirebaseFirestoreSwift;
		};
		BC0664722B04B18F00B1F296 /* FirebaseStorage */ = {
			isa = XCSwiftPackageProductDependency;
			package = BC06646B2B04B18F00B1F296 /* XCRemoteSwiftPackageReference "firebase-ios-sdk" */;
			productName = FirebaseStorage;
		};
/* End XCSwiftPackageProductDependency section */
	};
	rootObject = BC0664422B04AA2300B1F296 /* Project object */;
}
